# THIS IS AN AUTOGENERATED FILE. DO NOT EDIT THIS FILE DIRECTLY.
# yarn lockfile v1


"@mongodb-js/saslprep@^1.1.5":
  version "1.1.5"
  resolved "https://registry.npmjs.org/@mongodb-js/saslprep/-/saslprep-1.1.5.tgz"
  integrity sha512-XLNOMH66KhJzUJNwT/qlMnS4WsNDWD5ASdyaSH3EtK+F4r/CFGa3jT4GNi4mfOitGvWXtdLgQJkQjxSVrio+jA==
  dependencies:
    sparse-bitfield "^3.0.3"

"@types/webidl-conversions@*":
  version "7.0.3"
  resolved "https://registry.npmjs.org/@types/webidl-conversions/-/webidl-conversions-7.0.3.tgz"
  integrity sha512-CiJJvcRtIgzadHCYXw7dqEnMNRjhGZlYK05Mj9OyktqV8uVT8fD2BFOB7S1uwBE3Kj2Z+4UyPmFw/Ixgw/LAlA==

"@types/whatwg-url@^11.0.2":
  version "11.0.4"
  resolved "https://registry.npmjs.org/@types/whatwg-url/-/whatwg-url-11.0.4.tgz"
  integrity sha512-lXCmTWSHJvf0TRSO58nm978b8HJ/EdsSsEKLd3ODHFjo+3VGAyyTp4v50nWvwtzBxSMQrVOK7tcuN0zGPLICMw==
  dependencies:
    "@types/webidl-conversions" "*"

accepts@~1.3.3:
  version "1.3.3"
  resolved "https://registry.npmjs.org/accepts/-/accepts-1.3.3.tgz"
  integrity sha512-AOPopplFOUlmUugwiZUCDpOwmqvSgdCyE8iJVLWI4NcB7qfMKQN34dn5xYtlUU03XGG5egRWW4NW5gIxpa5hEA==
  dependencies:
    mime-types "~2.1.11"
    negotiator "0.6.1"

archetype@0.13.x:
  version "0.13.0"
  resolved "https://registry.npmjs.org/archetype/-/archetype-0.13.0.tgz"
  integrity sha512-ts/rng/A4UQPw1ZuQWWZvR2T0q2S5+zQGBH0RPsSlmyIAsZuIGEm1rgRga2NJnHODBbW/jVWMZIWbtlEyrS7JQ==
  dependencies:
    lodash.clonedeep "4.x"
    lodash.set "4.x"
    mpath "0.8.x"

array-flatten@1.1.1:
  version "1.1.1"
  resolved "https://registry.npmjs.org/array-flatten/-/array-flatten-1.1.1.tgz"
  integrity sha512-PCVAQswWemu6UdxsDFFX/+gVeYqKAod3D3UVm91jHwynguOwAvYPhx8nNlM++NqRcK6CxxpUafjmhIdKiHibqg==

async@2.1.4:
  version "2.1.4"
  resolved "https://registry.npmjs.org/async/-/async-2.1.4.tgz"
  integrity sha512-ZAxi5cea9DNM37Ld7lIj7c8SmOVaK/ns1pTiNI8vnQbyGsS5WuL+ImnU5UVECiIw43wlx9Wnr9iXn7MJymXacA==
  dependencies:
    lodash "^4.14.0"

basic-auth@~1.0.3:
  version "1.0.4"
  resolved "https://registry.npmjs.org/basic-auth/-/basic-auth-1.0.4.tgz"
  integrity sha512-uvq3I/zC5TmG0WZJDzsXzIytU9GiiSq23Gl27Dq9sV81JTfPfQhtdADECP1DJZeJoZPuYU0Y81hWC5y/dOR+Yw==

bcrypt-nodejs@^0.0.3:
  version "0.0.3"
  resolved "https://registry.npmjs.org/bcrypt-nodejs/-/bcrypt-nodejs-0.0.3.tgz"
  integrity sha512-NmTbLm867btBHCBZ222FQXkQKzecB0KG6pTXFa6NeTVZaSnLfCsx7EK2PL3J+kX8xJThUquEBbhimRCKKZX9zA==

bluebird@^3.0, bluebird@3.5.0:
  version "3.5.0"
  resolved "https://registry.npmjs.org/bluebird/-/bluebird-3.5.0.tgz"
  integrity sha512-3LE8m8bqjGdoxfvf71yhFNrUcwy3NLy00SAo+b6MfJ8l+Bc2DzQ7mUHwX6pjK2AxfgV+YfsjCeVW3T5HLQTBsQ==

body-parser@~1.15.2:
  version "1.15.2"
  resolved "https://registry.npmjs.org/body-parser/-/body-parser-1.15.2.tgz"
  integrity sha512-w+PHzLDPwR2csqaHDt/oKTD5XVieOWaa1OV0VcX+agasefEZI3jK6iBabpOcM3ovd3YvIg+sK9sX437wvYjUSw==
  dependencies:
    bytes "2.4.0"
    content-type "~1.0.2"
    debug "~2.2.0"
    depd "~1.1.0"
    http-errors "~1.5.0"
    iconv-lite "0.4.13"
    on-finished "~2.3.0"
    qs "6.2.0"
    raw-body "~2.1.7"
    type-is "~1.6.13"

bson@^6.4.0:
  version "6.6.0"
  resolved "https://registry.npmjs.org/bson/-/bson-6.6.0.tgz"
  integrity sha512-BVINv2SgcMjL4oYbBuCQTpE3/VKOSxrOA8Cj/wQP7izSzlBGVomdm+TcUd0Pzy0ytLSSDweCKQ6X3f5veM5LQA==

bson@~1.0.4:
  version "1.0.4"
  resolved "https://registry.npmjs.org/bson/-/bson-1.0.4.tgz"
  integrity sha512-0Ib4Zy4vANsueMULLnoYfaVNK0xOFZ+ZQ3IpQbZRMjf1fXh5ASVtjnETbyAgkKet0PYnZibw6drFX1D20sg9lw==

buffer-shims@~1.0.0:
  version "1.0.0"
  resolved "https://registry.npmjs.org/buffer-shims/-/buffer-shims-1.0.0.tgz"
  integrity sha512-Zy8ZXMyxIT6RMTeY7OP/bDndfj6bwCan7SS98CEndS6deHwWPpseeHlwarNcBim+etXnF9HBc1non5JgDaJU1g==

bytes@2.4.0:
  version "2.4.0"
  resolved "https://registry.npmjs.org/bytes/-/bytes-2.4.0.tgz"
  integrity sha512-SvUX8+c/Ga454a4fprIdIUzUN9xfd1YTvYh7ub5ZPJ+ZJ/+K2Bp6IpWGmnw8r3caLTsmhvJAKZz3qjIo9+XuCQ==

camelize@1.0.0:
  version "1.0.0"
  resolved "https://registry.npmjs.org/camelize/-/camelize-1.0.0.tgz"
  integrity sha512-W2lPwkBkMZwFlPCXhIlYgxu+7gC/NUlCtdK652DAJ1JdgV0sTrvuPFshNPrFa1TY2JOkLhgdeEBplB4ezEa+xg==

connect-flash@^0.1.1:
  version "0.1.1"
  resolved "https://registry.npmjs.org/connect-flash/-/connect-flash-0.1.1.tgz"
  integrity sha512-2rcfELQt/ZMP+SM/pG8PyhJRaLKp+6Hk2IUBNkEit09X+vwn3QsAL3ZbYtxUn7NVPzbMTSLRDhqe0B/eh30RYA==

connect-mongo@^1.3.2:
  version "1.3.2"
  resolved "https://registry.npmjs.org/connect-mongo/-/connect-mongo-1.3.2.tgz"
  integrity sha512-MdW1bCqOmil9cFj/5Z9Mw/J7gHxt1Mk9+PKZgDeKlvAtI02ANeoDh6VDJsJAclPPdIAyJGCgnt349vHtgOKjDg==
  dependencies:
    bluebird "^3.0"
    mongodb ">= 1.2.0 <3.0.0"

connect-mongodb-session@^5.0.0:
  version "5.0.0"
  resolved "https://registry.npmjs.org/connect-mongodb-session/-/connect-mongodb-session-5.0.0.tgz"
  integrity sha512-Yxr09hsafOvMgwiqeMi6fk5VudMXm2z5/IaJJp4EO6/tzajqsCUJTX4x9541URNwBL43lB8wSR7q77JpIdddSA==
  dependencies:
    archetype "0.13.x"
    mongodb "5.x || 6.x"

connect@3.6.2:
  version "3.6.2"
  resolved "https://registry.npmjs.org/connect/-/connect-3.6.2.tgz"
  integrity sha512-eulbSWLWluIreuasBmlh2hITGO+czaNKDdYEgosAJ12DcYi/tul1+lCV5YyiBRfj8RpUL0SJOdY9wlzxwHurPw==
  dependencies:
    debug "2.6.7"
    finalhandler "1.0.3"
    parseurl "~1.3.1"
    utils-merge "1.0.0"

content-disposition@0.5.2:
  version "0.5.2"
  resolved "https://registry.npmjs.org/content-disposition/-/content-disposition-0.5.2.tgz"
  integrity sha512-kRGRZw3bLlFISDBgwTSA1TMBFN6J6GWDeubmDE3AF+3+yXL8hTWv8r5rkLbqYXY4RjPk/EzHnClI3zQf1cFmHA==

content-security-policy-builder@1.1.0:
  version "1.1.0"
  resolved "https://registry.npmjs.org/content-security-policy-builder/-/content-security-policy-builder-1.1.0.tgz"
  integrity sha512-LBbbp6mJY4LGgGdYBzuzbxp6w96/VcTL7h8J8rW9l1GHb+QcapryuZnGPUPilKTdKJA9HwB9IqFZLxnrDhTxyw==
  dependencies:
    dashify "^0.2.0"

content-type@~1.0.2:
  version "1.0.2"
  resolved "https://registry.npmjs.org/content-type/-/content-type-1.0.2.tgz"
  integrity sha512-TFmXoAjJQD7hApJpE/GttZreniTw+DYE4zlDmPRc8Q75KXrU8hFt3Qeckml/mOTVAxwbMZ3WwdEcQCzTpfV5ZA==

cookie-parser@~1.4.3:
  version "1.4.3"
  resolved "https://registry.npmjs.org/cookie-parser/-/cookie-parser-1.4.3.tgz"
  integrity sha512-EZyO2G+zVFsMjU8jDtxs2iLS1DmryYNjC0s4/IHtsS6pWPUJSr0kt0UPOctRZosebPHYekb7bNcIBt4YW0S9bg==
  dependencies:
    cookie "0.3.1"
    cookie-signature "1.0.6"

cookie-signature@1.0.6:
  version "1.0.6"
  resolved "https://registry.npmjs.org/cookie-signature/-/cookie-signature-1.0.6.tgz"
  integrity sha512-QADzlaHc8icV8I7vbaJXJwod9HWYp8uCqf1xa4OfNu1T7JVxQIrUgOWtHdNDtPiywmFbiS12VjotIXLrKM3orQ==

cookie@0.3.1:
  version "0.3.1"
  resolved "https://registry.npmjs.org/cookie/-/cookie-0.3.1.tgz"
  integrity sha512-+IJOX0OqlHCszo2mBUq+SrEbCj6w7Kpffqx60zYbPTFaO4+yYgRjHwcZNpWvaTylDHaV7PPmBHzSecZiMhtPgw==

core-util-is@~1.0.0:
  version "1.0.2"
  resolved "https://registry.npmjs.org/core-util-is/-/core-util-is-1.0.2.tgz"
  integrity sha512-3lqz5YjWTYnW6dlDa5TLaTCcShfar1e40rmcJVwCBJC6mWlFuj0eCHIElmG1g5kyuJ/GD+8Wn4FFCcz4gJPfaQ==

crc@3.4.4:
  version "3.4.4"
  resolved "https://registry.npmjs.org/crc/-/crc-3.4.4.tgz"
  integrity sha512-wcAOOnkzlwFAlFCCF20ZAiGn25JgSBy+oQrdOeszuk0bxI2nc29YFFmlCbDEfZJJljuw4XVqHrGV34J89910yA==

csrf@~3.0.3:
  version "3.0.6"
  resolved "https://registry.npmjs.org/csrf/-/csrf-3.0.6.tgz"
  integrity sha512-3q1ocniLMgk9nHHEt/I/JsN9IfiGjgp6MHgYNT7+CPmQvi5DF6qzenXnZSH6f9Qaa+4DhmUDJa8SgFZ+OFf9Qg==
  dependencies:
    rndm "1.2.0"
    tsscmp "1.0.5"
    uid-safe "2.1.4"

csurf@^1.9.0:
  version "1.9.0"
  resolved "https://registry.npmjs.org/csurf/-/csurf-1.9.0.tgz"
  integrity sha512-8x3xp3dHkkvsR7mD03+Jfyd7db2WCx8qydAe9N2KOeytq9x/9DwmwMrzvtGDgb4qiGGRwvy9sug80rkWyRj8UQ==
  dependencies:
    cookie "0.3.1"
    cookie-signature "1.0.6"
    csrf "~3.0.3"
    http-errors "~1.5.0"

dasherize@2.0.0:
  version "2.0.0"
  resolved "https://registry.npmjs.org/dasherize/-/dasherize-2.0.0.tgz"
  integrity sha512-APql/TZ6FdLEpf2z7/X2a2zyqK8juYtqaSVqxw9mYoQ64CXkfU15AeLh8pUszT8+fnYjgm6t0aIYpWKJbnLkuA==

dashify@^0.2.0:
  version "0.2.2"
  resolved "https://registry.npmjs.org/dashify/-/dashify-0.2.2.tgz"
  integrity sha512-7aBHFN1N7+TqJ/DIRE/gRXqKccz7zXSsYVGg4+AdGK5JYcQI4EXrN4WLHLIJLBdIISOmFwkuTdEGAT7KCeYnCA==

debug@~2.2.0:
  version "2.2.0"
  resolved "https://registry.npmjs.org/debug/-/debug-2.2.0.tgz"
  integrity sha512-X0rGvJcskG1c3TgSCPqHJ0XJgwlcvOC7elJ5Y0hYuKBZoVqWpAMfLOeIh2UI/DCQ5ruodIjvsugZtjUYUw2pUw==
  dependencies:
    ms "0.7.1"

debug@2.6.7:
  version "2.6.7"
  resolved "https://registry.npmjs.org/debug/-/debug-2.6.7.tgz"
  integrity sha512-7YoSmTDGnXYkFJOvaYXfxcvNE25Y11uZ0X8Mo+pSXjHz/9WUlbCS4O6q+wj7lhubdNQQXxxsSOnlqlDG8SenXQ==
  dependencies:
    ms "2.0.0"

debug@2.6.8:
  version "2.6.8"
  resolved "https://registry.npmjs.org/debug/-/debug-2.6.8.tgz"
  integrity sha512-E22fsyWPt/lr4/UgQLt/pXqerGMDsanhbnmqIS3VAXuDi1v3IpiwXe2oncEIondHSBuPDWRoK/pMjlvi8FuOXQ==
  dependencies:
    ms "2.0.0"

debug@2.6.9:
  version "2.6.9"
  resolved "https://registry.npmjs.org/debug/-/debug-2.6.9.tgz"
  integrity sha512-bC7ElrdJaJnPbAP+1EotYvqZsb3ecl5wi6Bfi6BJTUcNowp6cvspg0jXznRTKDjm/E7AdgFBVeAPVMNcKGsHMA==
  dependencies:
    ms "2.0.0"

depd@~1.1.0:
  version "1.1.1"
  resolved "https://registry.npmjs.org/depd/-/depd-1.1.1.tgz"
  integrity sha512-Jlk9xvkTDGXwZiIDyoM7+3AsuvJVoyOpRupvEVy9nX3YO3/ieZxhlgh8GpLNZ8AY7HjO6y2YwpMSh1ejhu3uIw==

destroy@~1.0.4:
  version "1.0.4"
  resolved "https://registry.npmjs.org/destroy/-/destroy-1.0.4.tgz"
  integrity sha512-3NdhDuEXnfun/z7x9GOElY49LoqVHoGScmOKwmxhsS8N5Y+Z8KyPPDnaSzqWgYt/ji4mqwfTS34Htrk0zPIXVg==

dns-prefetch-control@0.1.0:
  version "0.1.0"
  resolved "https://registry.npmjs.org/dns-prefetch-control/-/dns-prefetch-control-0.1.0.tgz"
  integrity sha512-pWRXUcRQPhwkzcpJBeod/3VkZ2hvJojsNAijAIEswNWroJl5T8EcVtJQeG25GznEDSUUsmWQuipnwKM8BfRayg==

dont-sniff-mimetype@1.0.0:
  version "1.0.0"
  resolved "https://registry.npmjs.org/dont-sniff-mimetype/-/dont-sniff-mimetype-1.0.0.tgz"
  integrity sha512-omUYb107RqZnRg6uTIv5bHVPJKR9jcdPd20XF11gwd9MCHh7LxW2/MdCU8qYnv0HlP1zW+sW4sSlIss46zOicw==

dotenv@^4.0.0:
  version "4.0.0"
  resolved "https://registry.npmjs.org/dotenv/-/dotenv-4.0.0.tgz"
  integrity sha512-XcaMACOr3JMVcEv0Y/iUM2XaOsATRZ3U1In41/1jjK6vJZ2PZbQ1bzCG8uvaByfaBpl9gqc9QWJovpUGBXLLYQ==

ee-first@1.1.1:
  version "1.1.1"
  resolved "https://registry.npmjs.org/ee-first/-/ee-first-1.1.1.tgz"
  integrity sha512-WMwm9LhRUo+WUaRN+vRuETqG89IgZphVSNkdFgeb6sS/E4OrDIN7t48CAewSHXc6C8lefD8KKfr5vY61brQlow==

ejs@^2.5.7:
  version "2.5.7"
  resolved "https://registry.npmjs.org/ejs/-/ejs-2.5.7.tgz"
  integrity sha512-ukpoEmMkRXdzig9UGWFSY+GqurZ+PROb/Q/6NUf+FYlIAI4fO79XFcFzob3TikfbaZZ3OGQAmryINW6/ELWPAg==

encodeurl@~1.0.1:
  version "1.0.1"
  resolved "https://registry.npmjs.org/encodeurl/-/encodeurl-1.0.1.tgz"
  integrity sha512-Emsft8lNRSZ7+fFm2KgTM8OZPcfHip/hNMSkje83n+LqPx5tI4xkCxyunJIG3EZsWHz9sqzohiPR6monRXWD8g==

es6-promise@3.2.1:
  version "3.2.1"
  resolved "https://registry.npmjs.org/es6-promise/-/es6-promise-3.2.1.tgz"
  integrity sha512-oj4jOSXvWglTsc3wrw86iom3LDPOx1nbipQk+jaG3dy+sMRM6ReSgVr/VlmBuF6lXUrflN9DCcQHeSbAwGUl4g==

escape-html@~1.0.3:
  version "1.0.3"
  resolved "https://registry.npmjs.org/escape-html/-/escape-html-1.0.3.tgz"
  integrity sha512-NiSupZ4OeuGwr68lGIeym/ksIZMJodUGOSCZ/FSnTxcrekbvqrgdUxlJOMpijaKZVjAJrWrGs/6Jy8OMuyj9ow==

etag@~1.7.0:
  version "1.7.0"
  resolved "https://registry.npmjs.org/etag/-/etag-1.7.0.tgz"
  integrity sha512-Mbv5pNpLNPrm1b4rzZlZlfTRpdDr31oiD43N362sIyvSWVNu5Du33EcJGzvEV4YdYLuENB1HzND907cQkFmXNw==

expect-ct@0.1.0:
  version "0.1.0"
  resolved "https://registry.npmjs.org/expect-ct/-/expect-ct-0.1.0.tgz"
  integrity sha512-knuXkuEDTW97AqRZjIAsCM6yG1651w0Tjseb/npXZ1Ydc7TLNyvbcbtJVsklr5kficIsnEJEsFkBMFQiNAPyCQ==

express-session@^1.15.4:
  version "1.15.4"
  resolved "https://registry.npmjs.org/express-session/-/express-session-1.15.4.tgz"
  integrity sha512-ogFEBJv7BDR2fWlv4Fzwf1uZcRatzUnQ2EXPfMdQ90ARYnP7gJ1RE6ylpABohA5nYDNfxM8bBQDs52t7duMOwg==
  dependencies:
    cookie "0.3.1"
    cookie-signature "1.0.6"
    crc "3.4.4"
    debug "2.6.8"
    depd "~1.1.0"
    on-headers "~1.0.1"
    parseurl "~1.3.1"
    uid-safe "~2.1.4"
    utils-merge "1.0.0"

express@~4.14.0:
  version "4.14.1"
  resolved "https://registry.npmjs.org/express/-/express-4.14.1.tgz"
  integrity sha512-aL+R5JmMN85tiMiWNx3wge9k3hjqezh530Nbc36kJezDZO8hkK+LBaaFvv9wziPiigK6vCubJ+omjQyqt8keYw==
  dependencies:
    accepts "~1.3.3"
    array-flatten "1.1.1"
    content-disposition "0.5.2"
    content-type "~1.0.2"
    cookie "0.3.1"
    cookie-signature "1.0.6"
    debug "~2.2.0"
    depd "~1.1.0"
    encodeurl "~1.0.1"
    escape-html "~1.0.3"
    etag "~1.7.0"
    finalhandler "0.5.1"
    fresh "0.3.0"
    merge-descriptors "1.0.1"
    methods "~1.1.2"
    on-finished "~2.3.0"
    parseurl "~1.3.1"
    path-to-regexp "0.1.7"
    proxy-addr "~1.1.3"
    qs "6.2.0"
    range-parser "~1.2.0"
    send "0.14.2"
    serve-static "~1.11.2"
    type-is "~1.6.14"
    utils-merge "1.0.0"
    vary "~1.1.0"

finalhandler@0.5.1:
  version "0.5.1"
  resolved "https://registry.npmjs.org/finalhandler/-/finalhandler-0.5.1.tgz"
  integrity sha512-PYuh1UzGGCOoRvrbGYCq6memvx41rxMCr+0XT9NtiIWqGG7hbCBcPMBRQoi5sMZDzTOxwiuv7/gwPtrDOz76CQ==
  dependencies:
    debug "~2.2.0"
    escape-html "~1.0.3"
    on-finished "~2.3.0"
    statuses "~1.3.1"
    unpipe "~1.0.0"

finalhandler@1.0.3:
  version "1.0.3"
  resolved "https://registry.npmjs.org/finalhandler/-/finalhandler-1.0.3.tgz"
  integrity sha512-Crb5GWw1cfFnZlZ3LJYAQCMbrfsKoV7+DNSvCQpwbybd+8tkrjHad5JuCJhunq8gJ80AqqsvbWxQSDBYxkr5tw==
  dependencies:
    debug "2.6.7"
    encodeurl "~1.0.1"
    escape-html "~1.0.3"
    on-finished "~2.3.0"
    parseurl "~1.3.1"
    statuses "~1.3.1"
    unpipe "~1.0.0"

forwarded@~0.1.0:
  version "0.1.0"
  resolved "https://registry.npmjs.org/forwarded/-/forwarded-0.1.0.tgz"
  integrity sha512-h17abE+9l03GtF7H+Tdf/exIbFnOgiOieYrtBfleXuDTU3jGncrv4oLOIuXnFPveDuQPd9kd3MGkhKaMGoQwOA==

frameguard@3.0.0:
  version "3.0.0"
  resolved "https://registry.npmjs.org/frameguard/-/frameguard-3.0.0.tgz"
  integrity sha512-44TQSv1ye/82gdqOjwJ+jhAR60T35sIJ2YnHs8C/F/kUMeB4v2o/Wf/gGyNF+m8NHAGdtX6mSJ82w+LZoegU3g==

fresh@0.3.0:
  version "0.3.0"
  resolved "https://registry.npmjs.org/fresh/-/fresh-0.3.0.tgz"
  integrity sha512-akx5WBKAwMSg36qoHTuMMVncHWctlaDGslJASDYAhoLrzDUDCjZlOngNa/iC6lPm9aA0qk8pN5KnpmbJHSIIQQ==

helmet-csp@2.5.1:
  version "2.5.1"
  resolved "https://registry.npmjs.org/helmet-csp/-/helmet-csp-2.5.1.tgz"
  integrity sha512-PLLch8wVcVF2+ViTtSGHIvXqQVjcwGRtBwrNPggC+j28J7eSoPHxbJBr9SvLgh9V3HZa0C1zZFZ6gYVLIrPD0Q==
  dependencies:
    camelize "1.0.0"
    content-security-policy-builder "1.1.0"
    dasherize "2.0.0"
    lodash.reduce "4.6.0"
    platform "1.3.4"

helmet@^3.8.1:
  version "3.8.1"
  resolved "https://registry.npmjs.org/helmet/-/helmet-3.8.1.tgz"
  integrity sha512-HzcpQ74kE1gNFvTd8fI/Nz2N0b0Aa/38dSiSVt/ijkwjc50tUp5siXTE9lTBibQ4JlRzp/35Qf+j2bZgHYwg1g==
  dependencies:
    connect "3.6.2"
    dns-prefetch-control "0.1.0"
    dont-sniff-mimetype "1.0.0"
    expect-ct "0.1.0"
    frameguard "3.0.0"
    helmet-csp "2.5.1"
    hide-powered-by "1.0.0"
    hpkp "2.0.0"
    hsts "2.1.0"
    ienoopen "1.0.0"
    nocache "2.0.0"
    referrer-policy "1.1.0"
    x-xss-protection "1.0.0"

hide-powered-by@1.0.0:
  version "1.0.0"
  resolved "https://registry.npmjs.org/hide-powered-by/-/hide-powered-by-1.0.0.tgz"
  integrity sha512-x3IRfbNpJL6yAv0/w6orSgmswTv/m7xVgX0/mPNhtPDAyZhttfS3maOjHVcC6kuOxbFc6ZO8bDKZd/hwBFU+Jw==

hpkp@2.0.0:
  version "2.0.0"
  resolved "https://registry.npmjs.org/hpkp/-/hpkp-2.0.0.tgz"
  integrity sha512-TaZpC6cO/k3DFsjfzz1LnOobbVSq+J+7WpJxrVtN4L+8+BPQj8iBDRB2Dx49613N+e7/+ZSQ9ra+xZm7Blf4wg==

hsts@2.1.0:
  version "2.1.0"
  resolved "https://registry.npmjs.org/hsts/-/hsts-2.1.0.tgz"
  integrity sha512-zXhh/DqgrTXJ7erTN6Fh5k/xjMhDGXCqdYN3wvxUvGUQvnxcFfUd8E+6vLg/nk3ss1TYMb+DhRl25fYABioTvA==

http-errors@~1.5.0, http-errors@~1.5.1:
  version "1.5.1"
  resolved "https://registry.npmjs.org/http-errors/-/http-errors-1.5.1.tgz"
  integrity sha512-ftkc2U5ADKHv8Ny1QJaDn8xnE18G+fP5QYupx9c3Xk6L5Vgo3qK8Bgbpb4a+jRtaF/YQKjIuXA5J0tde4Tojng==
  dependencies:
    inherits "2.0.3"
    setprototypeof "1.0.2"
    statuses ">= 1.3.1 < 2"

iconv-lite@0.4.13:
  version "0.4.13"
  resolved "https://registry.npmjs.org/iconv-lite/-/iconv-lite-0.4.13.tgz"
  integrity sha512-QwVuTNQv7tXC5mMWFX5N5wGjmybjNBBD8P3BReTkPmipoxTUFgWM2gXNvldHQr6T14DH0Dh6qBVg98iJt7u4mQ==

ienoopen@1.0.0:
  version "1.0.0"
  resolved "https://registry.npmjs.org/ienoopen/-/ienoopen-1.0.0.tgz"
  integrity sha512-SXhKrpQYjP/GJWIg8HwUrwY9HP9PzAiIHK/fSre97NPaU72rpHsGMBxUuNijd8rXS936VUFg+NRcim66dchUcQ==

inherits@~2.0.1, inherits@2.0.3:
  version "2.0.3"
  resolved "https://registry.npmjs.org/inherits/-/inherits-2.0.3.tgz"
  integrity sha512-x00IRNXNy63jwGkJmzPigoySHbaqpNuzKbBOmzK+g2OdZpQ9w+sxCN+VSB3ja7IAge2OP2qpfxTjeNcyjmW1uw==

ipaddr.js@1.4.0:
  version "1.4.0"
  resolved "https://registry.npmjs.org/ipaddr.js/-/ipaddr.js-1.4.0.tgz"
  integrity sha512-RbrsPoo4IkisyHhS9VDa3ybxnu0wOo0uTAhaELmwxq244p18X7Dk0fQoJvh/QTkIUO296fbjgvMqK3ry84eVVA==

isarray@~1.0.0:
  version "1.0.0"
  resolved "https://registry.npmjs.org/isarray/-/isarray-1.0.0.tgz"
  integrity sha512-VLghIWNM6ELQzo7zwmcg0NmTVyWKYjvIeM83yjp0wRDTmUnrM678fQbcKBo6n2CJEF0szoG//ytg+TKla89ALQ==

kareem@2.0.1:
  version "2.0.1"
  resolved "https://registry.npmjs.org/kareem/-/kareem-2.0.1.tgz"
  integrity sha512-SsR+TZe595qXYzbWS5KWHBt4mM5h1MA7HFXp3oZnPkunxjaymx0fKhB8cxl6/R7Qm8aFXnI6J7DnyxV/QUSKLA==

lodash.clonedeep@4.x:
  version "4.5.0"
  resolved "https://registry.npmjs.org/lodash.clonedeep/-/lodash.clonedeep-4.5.0.tgz"
  integrity sha512-H5ZhCF25riFd9uB5UCkVKo61m3S/xZk1x4wA6yp/L3RFP6Z/eHH1ymQcGLo7J3GMPfm0V/7m1tryHuGVxpqEBQ==

lodash.get@4.4.2:
  version "4.4.2"
  resolved "https://registry.npmjs.org/lodash.get/-/lodash.get-4.4.2.tgz"
  integrity sha512-z+Uw/vLuy6gQe8cfaFWD7p0wVv8fJl3mbzXh33RS+0oW2wvUqiRXiQ69gLWSLpgB5/6sU+r6BlQR0MBILadqTQ==

lodash.reduce@4.6.0:
  version "4.6.0"
  resolved "https://registry.npmjs.org/lodash.reduce/-/lodash.reduce-4.6.0.tgz"
  integrity sha512-6raRe2vxCYBhpBu+B+TtNGUzah+hQjVdu3E17wfusjyrXBka2nBS8OH/gjVZ5PvHOhWmIZTYri09Z6n/QfnNMw==

lodash.set@4.x:
  version "4.3.2"
  resolved "https://registry.npmjs.org/lodash.set/-/lodash.set-4.3.2.tgz"
  integrity sha512-4hNPN5jlm/N/HLMCO43v8BXKq9Z7QdAGc/VGrRD61w8gN9g/6jF9A4L1pbUgBLCffi0w9VsXfTOij5x8iTyFvg==

lodash@^4.14.0:
  version "4.17.21"
  resolved "https://registry.npmjs.org/lodash/-/lodash-4.17.21.tgz"
  integrity sha512-v2kDEe57lecTulaDIuNTPy3Ry4gLGJ6Z1O3vE1krgXZNrsQ+LFTGHVxVjcXPs17LhbZVGedAJv8XZ1tvj5FvSg==

media-typer@0.3.0:
  version "0.3.0"
  resolved "https://registry.npmjs.org/media-typer/-/media-typer-0.3.0.tgz"
  integrity sha512-dq+qelQ9akHpcOl/gUVRTxVIOkAJ1wR3QAvb4RsVjS8oVoFjDGTc679wJYmUmknUF5HwMLOgb5O+a3KxfWapPQ==

memory-pager@^1.0.2:
  version "1.5.0"
  resolved "https://registry.npmjs.org/memory-pager/-/memory-pager-1.5.0.tgz"
  integrity sha512-ZS4Bp4r/Zoeq6+NLJpP+0Zzm0pR8whtGPf1XExKLJBAczGMnSi3It14OiNCStjQjM6NU1okjQGSxgEZN8eBYKg==

merge-descriptors@1.0.1:
  version "1.0.1"
  resolved "https://registry.npmjs.org/merge-descriptors/-/merge-descriptors-1.0.1.tgz"
  integrity sha512-cCi6g3/Zr1iqQi6ySbseM1Xvooa98N0w31jzUYrXPX2xqObmFGHJ0tQ5u74H3mVh7wLouTseZyYIq39g8cNp1w==

methods@~1.1.2:
  version "1.1.2"
  resolved "https://registry.npmjs.org/methods/-/methods-1.1.2.tgz"
  integrity sha512-iclAHeNqNm68zFtnZ0e+1L2yUIdvzNoauKU4WBA3VvH/vPFieF7qfRlwUZU+DA9P9bPXIS90ulxoUoCH23sV2w==

mime-db@~1.29.0:
  version "1.29.0"
  resolved "https://registry.npmjs.org/mime-db/-/mime-db-1.29.0.tgz"
  integrity sha512-7lKSppGEWkMwBxzcWKCwXreQ0GDj0fPtlwQG+jvtSMDICY1jTgYxnGmAFP35eIDmC2ldkJQdXj0Ot/j7tyahcA==

mime-types@~2.1.11, mime-types@~2.1.15:
  version "2.1.16"
  resolved "https://registry.npmjs.org/mime-types/-/mime-types-2.1.16.tgz"
  integrity sha512-YjTLbZxlgVrR0Gv3KxaqEcTDMoxI+kjRw8box2aRPm0IDtIqP6hC6pv5F2ONy7UcgTtSQE6zAqkZE7jDP0gb1g==
  dependencies:
    mime-db "~1.29.0"

mime@1.3.4:
  version "1.3.4"
  resolved "https://registry.npmjs.org/mime/-/mime-1.3.4.tgz"
  integrity sha512-sAaYXszED5ALBt665F0wMQCUXpGuZsGdopoqcHPdL39ZYdi7uHoZlhrfZfhv8WzivhBzr/oXwaj+yiK5wY8MXQ==

mongodb-connection-string-url@^3.0.0:
  version "3.0.0"
  resolved "https://registry.npmjs.org/mongodb-connection-string-url/-/mongodb-connection-string-url-3.0.0.tgz"
  integrity sha512-t1Vf+m1I5hC2M5RJx/7AtxgABy1cZmIPQRMXw+gEIPn/cZNF3Oiy+l0UIypUwVB5trcWHq3crg2g3uAR9aAwsQ==
  dependencies:
    "@types/whatwg-url" "^11.0.2"
    whatwg-url "^13.0.0"

mongodb-core@2.1.11:
  version "2.1.11"
  resolved "https://registry.npmjs.org/mongodb-core/-/mongodb-core-2.1.11.tgz"
  integrity sha512-XjIT+k77zRxL/Tt8bPO0yGT+zC/rWM+UqNoG9yQOjSVZEI5X49TIcYmPNLqk3frGmT5ZwjEqRb7BXRwfSx0FFw==
  dependencies:
    bson "~1.0.4"
    require_optional "~1.0.0"

mongodb-core@3.0.1:
  version "3.0.1"
  resolved "https://registry.npmjs.org/mongodb-core/-/mongodb-core-3.0.1.tgz"
  integrity sha512-aEy7iaynWVkydrkE9vtRffQ0RZiETsbhmqo6p5dIyB3sin3SrKXJruj16bxi87chF++S2QLnUyQ1i+dZn4GdJw==
  dependencies:
    bson "~1.0.4"
    require_optional "^1.0.1"

"mongodb@>= 1.2.0 <3.0.0":
  version "2.2.27"
  resolved "https://registry.npmjs.org/mongodb/-/mongodb-2.2.27.tgz"
  integrity sha512-gJgbU5Ym5dqpYraPC0wr8XLyLObFubn4b4NS5q8DECQHkxVIBGcNwEBkSn3sXqOGX03c+W+HwwTnBQYnGcmDng==
  dependencies:
    es6-promise "3.2.1"
    mongodb-core "2.1.11"
    readable-stream "2.2.7"

mongodb@3.0.1:
  version "3.0.1"
  resolved "https://registry.npmjs.org/mongodb/-/mongodb-3.0.1.tgz"
  integrity sha512-JaPqe+qN1f0m6bLzpNsp4tsNNasPa6+G3CW/rUtJUtFIxaGf9cD+FD8TTe8cqk1uWWhTWl7kVZoaUdvkoOKE5w==
  dependencies:
    mongodb-core "3.0.1"

"mongodb@5.x || 6.x":
  version "6.5.0"
  resolved "https://registry.npmjs.org/mongodb/-/mongodb-6.5.0.tgz"
  integrity sha512-Fozq68InT+JKABGLqctgtb8P56pRrJFkbhW0ux+x1mdHeyinor8oNzJqwLjV/t5X5nJGfTlluxfyMnOXNggIUA==
  dependencies:
    "@mongodb-js/saslprep" "^1.1.5"
    bson "^6.4.0"
    mongodb-connection-string-url "^3.0.0"

mongoose-legacy-pluralize@1.0.1:
  version "1.0.1"
  resolved "https://registry.npmjs.org/mongoose-legacy-pluralize/-/mongoose-legacy-pluralize-1.0.1.tgz"
  integrity sha512-X5/N3sNj1p+y7Bg1vouQdST1vkInEzNAwqVjfDpNrhnugih2p2rV7jLrrb71sbQUPMJPm0Hhe6rH5fQV1Ve4XQ==

mongoose@^5.0.1:
  version "5.0.1"
  resolved "https://registry.npmjs.org/mongoose/-/mongoose-5.0.1.tgz"
  integrity sha512-0HcbACameXXwrFmA2+aujJ+S01HYpIx3OUxLE26iw7gk6V7fW2VWFwjAqgCE5fePwSlI/N6vEApMoYuf5E53iw==
  dependencies:
    async "2.1.4"
    bson "~1.0.4"
    kareem "2.0.1"
    lodash.get "4.4.2"
    mongodb "3.0.1"
    mongoose-legacy-pluralize "1.0.1"
    mpath "0.3.0"
    mquery "3.0.0-rc0"
    ms "2.0.0"
    regexp-clone "0.0.1"
    sliced "1.0.1"

morgan@~1.7.0:
  version "1.7.0"
  resolved "https://registry.npmjs.org/morgan/-/morgan-1.7.0.tgz"
  integrity sha512-3qY2DuBxulwkdeRfkCoUMs2w7/w46/dLaXIAgw1atavLRj5dg04uxyFFHw0IIbin8D+ErgTTnlOshZgDfZwIPQ==
  dependencies:
    basic-auth "~1.0.3"
    debug "~2.2.0"
    depd "~1.1.0"
    on-finished "~2.3.0"
    on-headers "~1.0.1"

mpath@0.3.0:
  version "0.3.0"
  resolved "https://registry.npmjs.org/mpath/-/mpath-0.3.0.tgz"
  integrity sha512-43/pbEQ9nmJ+lklKWsK5gtCf9QC5b9lYTJvGtTHXzyqWHHJ1BSkyvfYd7ICoPJB5CF+7yTnGBEIdCB2AqHpS3g==

mpath@0.8.x:
  version "0.8.4"
  resolved "https://registry.npmjs.org/mpath/-/mpath-0.8.4.tgz"
  integrity sha512-DTxNZomBcTWlrMW76jy1wvV37X/cNNxPW1y2Jzd4DZkAaC5ZGsm8bfGfNOthcDuRJujXLqiuS6o3Tpy0JEoh7g==

mquery@3.0.0-rc0:
  version "3.0.0-rc0"
  resolved "https://registry.npmjs.org/mquery/-/mquery-3.0.0-rc0.tgz"
  integrity sha512-tEAVSvlmd22irKJ8Q/tyI0LKRv8cV3aEkQ/EHW391ktGRWDDlfcpZyq6GYqu8yXGoz2JkC4aMJdNGca19wU1NQ==
  dependencies:
    bluebird "3.5.0"
    debug "2.6.9"
    regexp-clone "0.0.1"
    sliced "0.0.5"

ms@0.7.1:
  version "0.7.1"
  resolved "https://registry.npmjs.org/ms/-/ms-0.7.1.tgz"
  integrity sha512-lRLiIR9fSNpnP6TC4v8+4OU7oStC01esuNowdQ34L+Gk8e5Puoc88IqJ+XAY/B3Mn2ZKis8l8HX90oU8ivzUHg==

ms@0.7.2:
  version "0.7.2"
  resolved "https://registry.npmjs.org/ms/-/ms-0.7.2.tgz"
  integrity sha512-5NnE67nQSQDJHVahPJna1PQ/zCXMnQop3yUCxjKPNzCxuyPSKWTQ/5Gu5CZmjetwGLWRA+PzeF5thlbOdbQldA==

ms@2.0.0:
  version "2.0.0"
  resolved "https://registry.npmjs.org/ms/-/ms-2.0.0.tgz"
  integrity sha512-Tpp60P6IUJDTuOq/5Z8cdskzJujfwqfOTkrwIwj7IRISpnkJnT6SyJ4PCPnGMoFjC9ddhal5KVIYtAt97ix05A==

negotiator@0.6.1:
  version "0.6.1"
  resolved "https://registry.npmjs.org/negotiator/-/negotiator-0.6.1.tgz"
  integrity sha512-qTxkr1RoLw5Pz+1+PTJ/66hWuyi2LEOeOuIDJDlx6JF8x75bmD5C7qXTg2UlX5W9rLfkqKP+r8q6Vy6NWdWrbw==

nocache@2.0.0:
  version "2.0.0"
  resolved "https://registry.npmjs.org/nocache/-/nocache-2.0.0.tgz"
  integrity sha512-YdKcy2x0dDwOh+8BEuHvA+mnOKAhmMQDgKBOCUGaLpewdmsRYguYZSom3yA+/OrE61O/q+NMQANnun65xpI1Hw==

oauth@0.9.x:
  version "0.9.15"
  resolved "https://registry.npmjs.org/oauth/-/oauth-0.9.15.tgz"
  integrity sha512-a5ERWK1kh38ExDEfoO6qUHJb32rd7aYmPHuyCu3Fta/cnICvYmgd2uhuKXvPD+PXB+gCEYYEaQdIRAjCOwAKNA==

on-finished@~2.3.0:
  version "2.3.0"
  resolved "https://registry.npmjs.org/on-finished/-/on-finished-2.3.0.tgz"
  integrity sha512-ikqdkGAAyf/X/gPhXGvfgAytDZtDbr+bkNUJ0N9h5MI/dmdgCs3l6hoHrcUv41sRKew3jIwrp4qQDXiK99Utww==
  dependencies:
    ee-first "1.1.1"

on-headers@~1.0.1:
  version "1.0.1"
  resolved "https://registry.npmjs.org/on-headers/-/on-headers-1.0.1.tgz"
  integrity sha512-Hmfug855QMIrXA8SCoblfPRTzkGwAOMaSygo5hN2fC5Se2YJLJGPaC0wytTWMAplYipqVY9FZQLKGQjwqoYyqA==

parseurl@~1.3.1:
  version "1.3.1"
  resolved "https://registry.npmjs.org/parseurl/-/parseurl-1.3.1.tgz"
  integrity sha512-jcXcz8qX3IIi+Uf1Ut1TS2aNx2pLbVcFxIWZMcErWNrqFfTE1e+Q1stJkCOnzWBsxCTZJ0xmHtT4P8K0DnQQRA==

passport-facebook@^2.1.1:
  version "2.1.1"
  resolved "https://registry.npmjs.org/passport-facebook/-/passport-facebook-2.1.1.tgz"
  integrity sha512-aud9mXAB8QjyHEFgwKz9E6VRZOL9CJPNqmaGx8SrXCQCe1rQtIPTcBWbRAxPJn5yDE/ANd+WCH2FGeLh+exJgg==
  dependencies:
    passport-oauth2 "1.x.x"

passport-local@^1.0.0:
  version "1.0.0"
  resolved "https://registry.npmjs.org/passport-local/-/passport-local-1.0.0.tgz"
  integrity sha512-9wCE6qKznvf9mQYYbgJ3sVOHmCWoUNMVFoZzNoznmISbhnNNPhN9xfY3sLmScHMetEJeoY7CXwfhCe7argfQow==
  dependencies:
    passport-strategy "1.x.x"

passport-oauth1@1.x.x:
  version "1.1.0"
  resolved "https://registry.npmjs.org/passport-oauth1/-/passport-oauth1-1.1.0.tgz"
  integrity sha512-2KF+Xj/+1goe4lDctjVhdg73uvafD4j7Rboq8yuXBD12kG+jTi9QFqEOCtc57323+aYUJbgvKcLd3b1Kq1FWSA==
  dependencies:
    oauth "0.9.x"
    passport-strategy "1.x.x"
    utils-merge "1.x.x"

passport-oauth2@1.x.x:
  version "1.4.0"
  resolved "https://registry.npmjs.org/passport-oauth2/-/passport-oauth2-1.4.0.tgz"
  integrity sha512-aFrjWoTSFLob+JNvmPxCc+zyv/W7VpBx8WS4vZ8Snm6sm25BbRgobIcmSjpaRt4ciyS5ldEIdC+WFbd8zP8ggA==
  dependencies:
    oauth "0.9.x"
    passport-strategy "1.x.x"
    uid2 "0.0.x"
    utils-merge "1.x.x"

passport-strategy@1.x.x:
  version "1.0.0"
  resolved "https://registry.npmjs.org/passport-strategy/-/passport-strategy-1.0.0.tgz"
  integrity sha512-CB97UUvDKJde2V0KDWWB3lyf6PC3FaZP7YxZ2G8OAtn9p4HI9j9JLP9qjOGZFvyl8uwNT8qM+hGnz/n16NI7oA==

passport-twitter@^1.0.4:
  version "1.0.4"
  resolved "https://registry.npmjs.org/passport-twitter/-/passport-twitter-1.0.4.tgz"
  integrity sha512-qvdauqCqCJJci82mJ9hZZQ6nAv7aSHV31svL8+9H7mRlDdXCdfU6AARQrmmJu3DRmv9fvIebM7zzxR7mVufN3A==
  dependencies:
    passport-oauth1 "1.x.x"
    xtraverse "0.1.x"

passport@^0.3.2:
  version "0.3.2"
  resolved "https://registry.npmjs.org/passport/-/passport-0.3.2.tgz"
  integrity sha512-aqgxMQxuRz79M4LVo8fl3/bsh6Ozcb34G8MVDs7Oavy88ROLSVvTgYoWnX3TpxdQg66HiXvpb+lcuFPnDrmiOA==
  dependencies:
    passport-strategy "1.x.x"
    pause "0.0.1"

path-to-regexp@0.1.7:
  version "0.1.7"
  resolved "https://registry.npmjs.org/path-to-regexp/-/path-to-regexp-0.1.7.tgz"
  integrity sha512-5DFkuoqlv1uYQKxy8omFBeJPQcdoE07Kv2sferDCrAq1ohOU+MSDswDIbnx3YAM60qIOnYa53wBhXW0EbMonrQ==

pause@0.0.1:
  version "0.0.1"
  resolved "https://registry.npmjs.org/pause/-/pause-0.0.1.tgz"
  integrity sha512-KG8UEiEVkR3wGEb4m5yZkVCzigAD+cVEJck2CzYZO37ZGJfctvVptVO192MwrtPhzONn6go8ylnOdMhKqi4nfg==

platform@1.3.4:
  version "1.3.4"
  resolved "https://registry.npmjs.org/platform/-/platform-1.3.4.tgz"
  integrity sha512-iPnLzoBruVgswLtQ06HuYW4JUYW+SupPyrzZnhVRPZuh9NDWojJYpQqR2Ro43XpUlh46l8ygbnWKVHO270XATg==

process-nextick-args@~1.0.6:
  version "1.0.7"
  resolved "https://registry.npmjs.org/process-nextick-args/-/process-nextick-args-1.0.7.tgz"
  integrity sha512-yN0WQmuCX63LP/TMvAg31nvT6m4vDqJEiiv2CAZqWOGNWutc9DfDk1NPYYmKUFmaVM2UwDowH4u5AHWYP/jxKw==

proxy-addr@~1.1.3:
  version "1.1.5"
  resolved "https://registry.npmjs.org/proxy-addr/-/proxy-addr-1.1.5.tgz"
  integrity sha512-av1MQ5vwTiMICwU75KSf/vJ6a+AXP0MtP+aYBqm2RFlire7BP6sWlfOLc8+6wIQrywycqSpJWm5zNkYFkRARWA==
  dependencies:
    forwarded "~0.1.0"
    ipaddr.js "1.4.0"

punycode@^2.3.0:
  version "2.3.1"
  resolved "https://registry.npmjs.org/punycode/-/punycode-2.3.1.tgz"
  integrity sha512-vYt7UD1U9Wg6138shLtLOvdAu+8DsC/ilFtEVHcH+wydcSpNE20AfSOduf6MkRFahL5FY7X1oU7nKVZFtfq8Fg==

qs@6.2.0:
  version "6.2.0"
  resolved "https://registry.npmjs.org/qs/-/qs-6.2.0.tgz"
  integrity sha512-xJlDcRyZKEdvI99YhwNqGKmeiOCcfxk5E09Gof/E8xSpiMcqJ+BCwPZ3ykEYQdwDlmTpK6YlPB/kd8zfy9e7wg==

random-bytes@~1.0.0:
  version "1.0.0"
  resolved "https://registry.npmjs.org/random-bytes/-/random-bytes-1.0.0.tgz"
  integrity sha512-iv7LhNVO047HzYR3InF6pUcUsPQiHTM1Qal51DcGSuZFBil1aBBWG5eHPNek7bvILMaYJ/8RU1e8w1AMdHmLQQ==

range-parser@~1.2.0:
  version "1.2.0"
  resolved "https://registry.npmjs.org/range-parser/-/range-parser-1.2.0.tgz"
  integrity sha512-kA5WQoNVo4t9lNx2kQNFCxKeBl5IbbSNBl1M/tLkw9WCn+hxNBAW5Qh8gdhs63CJnhjJ2zQWFoqPJP2sK1AV5A==

raw-body@~2.1.7:
  version "2.1.7"
  resolved "https://registry.npmjs.org/raw-body/-/raw-body-2.1.7.tgz"
  integrity sha512-x4d27vsIG04gZ1imkuDXB9Rd/EkAx5kYzeMijIYw1PAor0Ld3nTlkQQwDjKu42GdRUFCX1AfGnTSQB4O57eWVg==
  dependencies:
    bytes "2.4.0"
    iconv-lite "0.4.13"
    unpipe "1.0.0"

readable-stream@2.2.7:
  version "2.2.7"
  resolved "https://registry.npmjs.org/readable-stream/-/readable-stream-2.2.7.tgz"
  integrity sha512-a6ibcfWFhgihuTw/chl+u3fB5ykBZFmnvpyZHebY0MCQE4vvYcsCLpCeaQ1BkH7HdJYavNSqF0WDLeo4IPHQaQ==
  dependencies:
    buffer-shims "~1.0.0"
    core-util-is "~1.0.0"
    inherits "~2.0.1"
    isarray "~1.0.0"
    process-nextick-args "~1.0.6"
    string_decoder "~1.0.0"
    util-deprecate "~1.0.1"

referrer-policy@1.1.0:
  version "1.1.0"
  resolved "https://registry.npmjs.org/referrer-policy/-/referrer-policy-1.1.0.tgz"
  integrity sha512-QyFLe2z2ohXmY/cKdxpkz2fzqYx3VIGRxI1AeixyW4/itVZ/GraYHTzibpexWxzluagVRpp6+vZ/pNvqwjYCCg==

regexp-clone@0.0.1:
  version "0.0.1"
  resolved "https://registry.npmjs.org/regexp-clone/-/regexp-clone-0.0.1.tgz"
  integrity sha512-tfYXF0HXEYh3AtgdjqNLQ8+tmZSAKIS7KtOjmB1laJgfbsi+Lf2RVNwLZVOE3U27yBXikzQuIXglLlakvb8Thw==

require_optional@^1.0.1, require_optional@~1.0.0:
  version "1.0.1"
  resolved "https://registry.npmjs.org/require_optional/-/require_optional-1.0.1.tgz"
  integrity sha512-qhM/y57enGWHAe3v/NcwML6a3/vfESLe/sGM2dII+gEO0BpKRUkWZow/tyloNqJyN6kXSl3RyyM8Ll5D/sJP8g==
  dependencies:
    resolve-from "^2.0.0"
    semver "^5.1.0"

resolve-from@^2.0.0:
  version "2.0.0"
  resolved "https://registry.npmjs.org/resolve-from/-/resolve-from-2.0.0.tgz"
  integrity sha512-qpFcKaXsq8+oRoLilkwyc7zHGF5i9Q2/25NIgLQQ/+VVv9rU4qvr6nXVAw1DsnXJyQkZsR4Ytfbtg5ehfcUssQ==

rndm@1.2.0:
  version "1.2.0"
  resolved "https://registry.npmjs.org/rndm/-/rndm-1.2.0.tgz"
  integrity sha512-fJhQQI5tLrQvYIYFpOnFinzv9dwmR7hRnUz1XqP3OJ1jIweTNOd6aTO4jwQSgcBSFUB+/KHJxuGneime+FdzOw==

safe-buffer@~5.1.0:
  version "5.1.1"
  resolved "https://registry.npmjs.org/safe-buffer/-/safe-buffer-5.1.1.tgz"
  integrity sha512-kKvNJn6Mm93gAczWVJg7wH+wGYWNrDHdWvpUmHyEsgCtIwwo3bqPtV4tR5tuPaUhTOo/kvhVwd8XwwOllGYkbg==

semver@^5.1.0:
  version "5.7.2"
  resolved "https://registry.npmjs.org/semver/-/semver-5.7.2.tgz"
  integrity sha512-cBznnQ9KjJqU67B52RMC65CMarK2600WFnbkcaiwWq3xy/5haFJlshgnpjovMVJ+Hff49d8GEn0b87C5pDQ10g==

send@0.14.2:
  version "0.14.2"
  resolved "https://registry.npmjs.org/send/-/send-0.14.2.tgz"
  integrity sha512-36O39SV4A6lj4TBALc0tAMmiTwClC2Npp6wiRvzxqyrH3yTiYwAmWVyB2a0a/D3ISCQVHY/l+VO/9JVo6ZubfA==
  dependencies:
    debug "~2.2.0"
    depd "~1.1.0"
    destroy "~1.0.4"
    encodeurl "~1.0.1"
    escape-html "~1.0.3"
    etag "~1.7.0"
    fresh "0.3.0"
    http-errors "~1.5.1"
    mime "1.3.4"
    ms "0.7.2"
    on-finished "~2.3.0"
    range-parser "~1.2.0"
    statuses "~1.3.1"

serve-favicon@~2.3.0:
  version "2.3.2"
  resolved "https://registry.npmjs.org/serve-favicon/-/serve-favicon-2.3.2.tgz"
  integrity sha512-oHEaA3ohvKxEWhjP97cQ6QuTTbMBF3AxDyMSvBtvnl1jXaB2Ik6kXE7nUtPM3YVU5VHCDe6n7JZrFCWzQuvXEQ==
  dependencies:
    etag "~1.7.0"
    fresh "0.3.0"
    ms "0.7.2"
    parseurl "~1.3.1"

serve-static@~1.11.2:
  version "1.11.2"
  resolved "https://registry.npmjs.org/serve-static/-/serve-static-1.11.2.tgz"
  integrity sha512-nBt9IVflCqc4pEtjttEgnwUJXBdy8xk0yZm16OomALNUKVa0S4X6pupZm/92j7M1AbPrC1WYkjr6HjtLeHnsAg==
  dependencies:
    encodeurl "~1.0.1"
    escape-html "~1.0.3"
    parseurl "~1.3.1"
    send "0.14.2"

setprototypeof@1.0.2:
  version "1.0.2"
  resolved "https://registry.npmjs.org/setprototypeof/-/setprototypeof-1.0.2.tgz"
  integrity sha512-mNRSo7UFE4c4tjxlZ3KxO5r+3oQUD1M/KXbp/XTwTwybL4VR9T8Ltmv5DvZX8iRz6C3hQmQftXEV0EmTKRV6mg==

sliced@0.0.5:
  version "0.0.5"
  resolved "https://registry.npmjs.org/sliced/-/sliced-0.0.5.tgz"
  integrity sha512-9bYT917D6H3+q8GlQBJmLVz3bc4OeVGfZ2BB12wvLnluTGfG6/8UdOUbKJDW1EEx9SZMDbjnatkau5/XcUeyOw==

sliced@1.0.1:
  version "1.0.1"
  resolved "https://registry.npmjs.org/sliced/-/sliced-1.0.1.tgz"
  integrity sha512-VZBmZP8WU3sMOZm1bdgTadsQbcscK0UM8oKxKVBs4XAhUo2Xxzm/OFMGBkPusxw9xL3Uy8LrzEqGqJhclsr0yA==

sparse-bitfield@^3.0.3:
  version "3.0.3"
  resolved "https://registry.npmjs.org/sparse-bitfield/-/sparse-bitfield-3.0.3.tgz"
  integrity sha512-kvzhi7vqKTfkh0PZU+2D2PIllw2ymqJKujUcyPMd9Y75Nv4nPbGJZXNhxsgdQab2BmlDct1YnfQCguEvHr7VsQ==
  dependencies:
    memory-pager "^1.0.2"

"statuses@>= 1.3.1 < 2", statuses@~1.3.1:
  version "1.3.1"
  resolved "https://registry.npmjs.org/statuses/-/statuses-1.3.1.tgz"
  integrity sha512-wuTCPGlJONk/a1kqZ4fQM2+908lC7fa7nPYpTC1EhnvqLX/IICbeP1OZGDtA374trpSq68YubKUMo8oRhN46yg==

string_decoder@~1.0.0:
  version "1.0.3"
  resolved "https://registry.npmjs.org/string_decoder/-/string_decoder-1.0.3.tgz"
  integrity sha512-4AH6Z5fzNNBcH+6XDMfA/BTt87skxqJlO0lAh3Dker5zThcAxG6mKz+iGu308UKoPPQ8Dcqx/4JhujzltRa+hQ==
  dependencies:
    safe-buffer "~5.1.0"

tr46@^4.1.1:
  version "4.1.1"
  resolved "https://registry.npmjs.org/tr46/-/tr46-4.1.1.tgz"
  integrity sha512-2lv/66T7e5yNyhAAC4NaKe5nVavzuGJQVVtRYLyQ2OI8tsJ61PMLlelehb0wi2Hx6+hT/OJUWZcw8MjlSRnxvw==
  dependencies:
    punycode "^2.3.0"

tsscmp@1.0.5:
  version "1.0.5"
  resolved "https://registry.npmjs.org/tsscmp/-/tsscmp-1.0.5.tgz"
  integrity sha512-aP/vy9xYiYGvtpW4xBkxdoeqbT+nNeo/37cdQk3iSiGz0xKb20XwOgBSqYo1DzEqt1ycPubEfPU3oHgzsRRL3g==

type-is@~1.6.13, type-is@~1.6.14:
  version "1.6.15"
  resolved "https://registry.npmjs.org/type-is/-/type-is-1.6.15.tgz"
  integrity sha512-0uqZYZDiBICTVXEsNcDLueZLPgZ8FgGe8lmVDQ0FcVFUeaxsPbFWiz60ZChVw8VELIt7iGuCehOrZSYjYteWKQ==
  dependencies:
    media-typer "0.3.0"
    mime-types "~2.1.15"

uid-safe@~2.1.4, uid-safe@2.1.4:
  version "2.1.4"
  resolved "https://registry.npmjs.org/uid-safe/-/uid-safe-2.1.4.tgz"
  integrity sha512-MHTGzIDNPv1XhDK0MyKvEroobUhtpMa649/9SIFbTRO2dshLctD3zxOwQw+gQ+Mlp5osfMdUU1sjcO6Fw4rvCA==
  dependencies:
    random-bytes "~1.0.0"

uid2@0.0.x:
  version "0.0.3"
  resolved "https://registry.npmjs.org/uid2/-/uid2-0.0.3.tgz"
  integrity sha512-5gSP1liv10Gjp8cMEnFd6shzkL/D6W1uhXSFNCxDC+YI8+L8wkCYCbJ7n77Ezb4wE/xzMogecE+DtamEe9PZjg==

unpipe@~1.0.0, unpipe@1.0.0:
  version "1.0.0"
  resolved "https://registry.npmjs.org/unpipe/-/unpipe-1.0.0.tgz"
  integrity sha512-pjy2bYhSsufwWlKwPc+l3cN7+wuJlK6uz0YdJEOlQDbl6jo/YlPi4mb8agUkVC8BF7V8NuzeyPNqRksA3hztKQ==

util-deprecate@~1.0.1:
  version "1.0.2"
  resolved "https://registry.npmjs.org/util-deprecate/-/util-deprecate-1.0.2.tgz"
  integrity sha512-EPD5q1uXyFxJpCrLnCc1nHnq3gOa6DZBocAIiI2TaSCA7VCJ1UJDMagCzIkXNsUYfD1daK//LTEQ8xiIbrHtcw==

utils-merge@1.0.0, utils-merge@1.x.x:
  version "1.0.0"
  resolved "https://registry.npmjs.org/utils-merge/-/utils-merge-1.0.0.tgz"
  integrity sha512-HwU9SLQEtyo+0uoKXd1nkLqigUWLB+QuNQR4OcmB73eWqksM5ovuqcycks2x043W8XVb75rG1HQ0h93TMXkzQQ==

vary@~1.1.0:
  version "1.1.1"
  resolved "https://registry.npmjs.org/vary/-/vary-1.1.1.tgz"
  integrity sha512-kCupYIvF6ltl975bvRTPK/Ml8aAZ32u1JgZ4QpuL20w3lWEJYlD90NQmXIcnAliEDN62MA4V96A2uq5cBsHSJA==

webidl-conversions@^7.0.0:
  version "7.0.0"
  resolved "https://registry.npmjs.org/webidl-conversions/-/webidl-conversions-7.0.0.tgz"
  integrity sha512-VwddBukDzu71offAQR975unBIGqfKZpM+8ZX6ySk8nYhVoo5CYaZyzt3YBvYtRtO+aoGlqxPg/B87NGVZ/fu6g==

whatwg-url@^13.0.0:
  version "13.0.0"
  resolved "https://registry.npmjs.org/whatwg-url/-/whatwg-url-13.0.0.tgz"
  integrity sha512-9WWbymnqj57+XEuqADHrCJ2eSXzn8WXIW/YSGaZtb2WKAInQ6CHfaUUcTyyver0p8BDg5StLQq8h1vtZuwmOig==
  dependencies:
    tr46 "^4.1.1"
    webidl-conversions "^7.0.0"

x-xss-protection@1.0.0:
  version "1.0.0"
  resolved "https://registry.npmjs.org/x-xss-protection/-/x-xss-protection-1.0.0.tgz"
  integrity sha512-krOVDTCKbNo9UPnQwCQVTyNbCFvX+k/L+327BN/urrSBdo6iOdqoe8XXa6HSWcwY9bzzsPvp9eoLA8xxBR/2Ag==

xmldom@0.1.x:
  version "0.1.27"
  resolved "https://registry.npmjs.org/xmldom/-/xmldom-0.1.27.tgz"
  integrity sha512-7WpJBYwyhvsddFJA51SOIU0Be9W44sbGGjc6Z3ly8Wx/Wl7nriMPZ5xf6Np9ASlJ6gACfXcTLukm4DtX372lFw==

xtraverse@0.1.x:
  version "0.1.0"
  resolved "https://registry.npmjs.org/xtraverse/-/xtraverse-0.1.0.tgz"
  integrity sha512-MANQdlG2hl1nQobxz1Rv8hsS1RuBS0C1N6qTOupv+9vmfrReePdxhmB2ecYjvsp4stJ80HD7erjkoF1Hd/FK9A==
  dependencies:
    xmldom "0.1.x"
